
Microsoft Visual Studio Solution File, Format Version 12.00
# RemObjects Fire
Project("{656346d9-4656-40da-a068-22d5425d4639}") = "ChatTestClient", "ChatTestClient.elements", "{a44b8301-e4f6-4333-b7db-79c4808d52b8}"
EndProject
Global
	GlobalSection(SolutionConfigurationPlatforms) = preSolution
		Debug|AnyCPU = Debug|AnyCPU
		Release|AnyCPU = Release|AnyCPU
	EndGlobalSection
	GlobalSection(ProjectConfigurationPlatforms) = postSolution
		{a44b8301-e4f6-4333-b7db-79c4808d52b8}.Debug|AnyCPU.ActiveCfg = Debug|AnyCPU
		{a44b8301-e4f6-4333-b7db-79c4808d52b8}.Debug|AnyCPU.Build.0 = Debug|AnyCPU
		{a44b8301-e4f6-4333-b7db-79c4808d52b8}.Release|AnyCPU.ActiveCfg = Release|AnyCPU
		{a44b8301-e4f6-4333-b7db-79c4808d52b8}.Release|AnyCPU.Build.0 = Release|AnyCPU
	EndGlobalSection
	GlobalSection(SolutionProperties) = preSolution
		HideSolutionNode = FALSE
	EndGlobalSection
EndGlobal